
Microsoft Visual Studio Solution File, Format Version 12.00
# Visual Studio Version 16
VisualStudioVersion = 16.0.31410.357
MinimumVisualStudioVersion = 10.0.40219.1
Project("{FAE04EC0-301F-11D3-BF4B-00C04F79EFBC}") = "HelloWorld", "HelloWorld\HelloWorld.csproj", "{4BCD6DD3-183F-439B-B05B-9291AB10B9D5}"
EndProject
Global
	GlobalSection(SolutionConfigurationPlatforms) = preSolution
		Debug|Any CPU = Debug|Any CPU
		Release|Any CPU = Release|Any CPU
	EndGlobalSection
	GlobalSection(ProjectConfigurationPlatforms) = postSolution
		{4BCD6DD3-183F-439B-B05B-9291AB10B9D5}.Debug|Any CPU.ActiveCfg = Debug|Any CPU
		{4BCD6DD3-183F-439B-B05B-9291AB10B9D5}.Debug|Any CPU.Build.0 = Debug|Any CPU
		{4BCD6DD3-183F-439B-B05B-9291AB10B9D5}.Release|Any CPU.ActiveCfg = Release|Any CPU
		{4BCD6DD3-183F-439B-B05B-9291AB10B9D5}.Release|Any CPU.Build.0 = Release|Any CPU
	EndGlobalSection
	GlobalSection(SolutionProperties) = preSolution
		HideSolutionNode = FALSE
	EndGlobalSection
	GlobalSection(ExtensibilityGlobals) = postSolution
		SolutionGuid = {422D2038-68E4-4D20-981B-F514E88C002C}
	EndGlobalSection
EndGlobal
